
Microsoft Visual Studio Solution File, Format Version 12.00
# Visual Studio Version 17
VisualStudioVersion = 17.14.36705.20 d17.14
MinimumVisualStudioVersion = 10.0.40219.1
Project("{FAE04EC0-301F-11D3-BF4B-00C04F79EFBC}") = "Task3-second question", "Task3-second question\Task3-second question.csproj", "{5438CC8A-6A51-4237-92CA-9D04D1F1BC4B}"
EndProject
Global
	GlobalSection(SolutionConfigurationPlatforms) = preSolution
		Debug|Any CPU = Debug|Any CPU
		Release|Any CPU = Release|Any CPU
	EndGlobalSection
	GlobalSection(ProjectConfigurationPlatforms) = postSolution
		{5438CC8A-6A51-4237-92CA-9D04D1F1BC4B}.Debug|Any CPU.ActiveCfg = Debug|Any CPU
		{5438CC8A-6A51-4237-92CA-9D04D1F1BC4B}.Debug|Any CPU.Build.0 = Debug|Any CPU
		{5438CC8A-6A51-4237-92CA-9D04D1F1BC4B}.Release|Any CPU.ActiveCfg = Release|Any CPU
		{5438CC8A-6A51-4237-92CA-9D04D1F1BC4B}.Release|Any CPU.Build.0 = Release|Any CPU
	EndGlobalSection
	GlobalSection(SolutionProperties) = preSolution
		HideSolutionNode = FALSE
	EndGlobalSection
	GlobalSection(ExtensibilityGlobals) = postSolution
		SolutionGuid = {739198AE-1955-4839-A1A3-F756E456CFC4}
	EndGlobalSection
EndGlobal
