
Microsoft Visual Studio Solution File, Format Version 12.00
# Visual Studio Version 17
VisualStudioVersion = 17.14.36705.20 d17.14
MinimumVisualStudioVersion = 10.0.40219.1
Project("{FAE04EC0-301F-11D3-BF4B-00C04F79EFBC}") = "Task5", "Task5\Task5.csproj", "{CC632065-4580-48B2-A59B-0AE32A654D1D}"
EndProject
Global
	GlobalSection(SolutionConfigurationPlatforms) = preSolution
		Debug|Any CPU = Debug|Any CPU
		Release|Any CPU = Release|Any CPU
	EndGlobalSection
	GlobalSection(ProjectConfigurationPlatforms) = postSolution
		{CC632065-4580-48B2-A59B-0AE32A654D1D}.Debug|Any CPU.ActiveCfg = Debug|Any CPU
		{CC632065-4580-48B2-A59B-0AE32A654D1D}.Debug|Any CPU.Build.0 = Debug|Any CPU
		{CC632065-4580-48B2-A59B-0AE32A654D1D}.Release|Any CPU.ActiveCfg = Release|Any CPU
		{CC632065-4580-48B2-A59B-0AE32A654D1D}.Release|Any CPU.Build.0 = Release|Any CPU
	EndGlobalSection
	GlobalSection(SolutionProperties) = preSolution
		HideSolutionNode = FALSE
	EndGlobalSection
	GlobalSection(ExtensibilityGlobals) = postSolution
		SolutionGuid = {BC978A31-3B9B-465D-AF26-D5DB0DDD6CAA}
	EndGlobalSection
EndGlobal
