
Microsoft Visual Studio Solution File, Format Version 12.00
# Visual Studio Version 17
VisualStudioVersion = 17.14.36705.20 d17.14
MinimumVisualStudioVersion = 10.0.40219.1
Project("{FAE04EC0-301F-11D3-BF4B-00C04F79EFBC}") = "Task5", "Task5\Task5.csproj", "{736C1016-6C6F-4F9C-8110-AB47D598D0F8}"
EndProject
Global
	GlobalSection(SolutionConfigurationPlatforms) = preSolution
		Debug|Any CPU = Debug|Any CPU
		Release|Any CPU = Release|Any CPU
	EndGlobalSection
	GlobalSection(ProjectConfigurationPlatforms) = postSolution
		{736C1016-6C6F-4F9C-8110-AB47D598D0F8}.Debug|Any CPU.ActiveCfg = Debug|Any CPU
		{736C1016-6C6F-4F9C-8110-AB47D598D0F8}.Debug|Any CPU.Build.0 = Debug|Any CPU
		{736C1016-6C6F-4F9C-8110-AB47D598D0F8}.Release|Any CPU.ActiveCfg = Release|Any CPU
		{736C1016-6C6F-4F9C-8110-AB47D598D0F8}.Release|Any CPU.Build.0 = Release|Any CPU
	EndGlobalSection
	GlobalSection(SolutionProperties) = preSolution
		HideSolutionNode = FALSE
	EndGlobalSection
	GlobalSection(ExtensibilityGlobals) = postSolution
		SolutionGuid = {D3660787-CEBA-4AEC-AE29-395395F5789A}
	EndGlobalSection
EndGlobal
