
Microsoft Visual Studio Solution File, Format Version 12.00
# Visual Studio Version 17
VisualStudioVersion = 17.14.36705.20 d17.14
MinimumVisualStudioVersion = 10.0.40219.1
Project("{FAE04EC0-301F-11D3-BF4B-00C04F79EFBC}") = "Task6", "Task6\Task6.csproj", "{F44A2162-F8BC-4D83-AEB6-D8EFC6DB623C}"
EndProject
Global
	GlobalSection(SolutionConfigurationPlatforms) = preSolution
		Debug|Any CPU = Debug|Any CPU
		Release|Any CPU = Release|Any CPU
	EndGlobalSection
	GlobalSection(ProjectConfigurationPlatforms) = postSolution
		{F44A2162-F8BC-4D83-AEB6-D8EFC6DB623C}.Debug|Any CPU.ActiveCfg = Debug|Any CPU
		{F44A2162-F8BC-4D83-AEB6-D8EFC6DB623C}.Debug|Any CPU.Build.0 = Debug|Any CPU
		{F44A2162-F8BC-4D83-AEB6-D8EFC6DB623C}.Release|Any CPU.ActiveCfg = Release|Any CPU
		{F44A2162-F8BC-4D83-AEB6-D8EFC6DB623C}.Release|Any CPU.Build.0 = Release|Any CPU
	EndGlobalSection
	GlobalSection(SolutionProperties) = preSolution
		HideSolutionNode = FALSE
	EndGlobalSection
	GlobalSection(ExtensibilityGlobals) = postSolution
		SolutionGuid = {FDC3C165-2080-4248-A579-7E336F1E269F}
	EndGlobalSection
EndGlobal
